
Microsoft Visual Studio Solution File, Format Version 12.00
# Visual Studio Version 16
VisualStudioVersion = 25.0.1706.7
MinimumVisualStudioVersion = 10.0.40219.1
Project("{FAE04EC0-301F-11D3-BF4B-00C04F79EFBC}") = "Itinero.API", "Itinero.API\Itinero.API.csproj", "{95FE942A-CFE8-4F4E-A0B1-C650F56F6C4E}"
EndProject
Project("{FAE04EC0-301F-11D3-BF4B-00C04F79EFBC}") = "MauiMaps", "MauiMaps\MauiMaps.csproj", "{87850387-5AAB-4ABE-A6F9-E7715E294A20}"
EndProject
Project("{FAE04EC0-301F-11D3-BF4B-00C04F79EFBC}") = "MauiMapsui.Shared", "MauiMapsui.Shared\MauiMapsui.Shared.csproj", "{8251CD32-2DFF-4AB7-A5FC-CD603C49A30B}"
EndProject
Global
	GlobalSection(SolutionConfigurationPlatforms) = preSolution
		Debug|Any CPU = Debug|Any CPU
		Release|Any CPU = Release|Any CPU
	EndGlobalSection
	GlobalSection(ProjectConfigurationPlatforms) = postSolution
		{95FE942A-CFE8-4F4E-A0B1-C650F56F6C4E}.Debug|Any CPU.ActiveCfg = Debug|Any CPU
		{95FE942A-CFE8-4F4E-A0B1-C650F56F6C4E}.Debug|Any CPU.Build.0 = Debug|Any CPU
		{95FE942A-CFE8-4F4E-A0B1-C650F56F6C4E}.Release|Any CPU.ActiveCfg = Release|Any CPU
		{95FE942A-CFE8-4F4E-A0B1-C650F56F6C4E}.Release|Any CPU.Build.0 = Release|Any CPU
		{87850387-5AAB-4ABE-A6F9-E7715E294A20}.Debug|Any CPU.ActiveCfg = Debug|Any CPU
		{87850387-5AAB-4ABE-A6F9-E7715E294A20}.Debug|Any CPU.Build.0 = Debug|Any CPU
		{87850387-5AAB-4ABE-A6F9-E7715E294A20}.Release|Any CPU.ActiveCfg = Release|Any CPU
		{87850387-5AAB-4ABE-A6F9-E7715E294A20}.Release|Any CPU.Build.0 = Release|Any CPU
		{8251CD32-2DFF-4AB7-A5FC-CD603C49A30B}.Debug|Any CPU.ActiveCfg = Debug|Any CPU
		{8251CD32-2DFF-4AB7-A5FC-CD603C49A30B}.Debug|Any CPU.Build.0 = Debug|Any CPU
		{8251CD32-2DFF-4AB7-A5FC-CD603C49A30B}.Release|Any CPU.ActiveCfg = Release|Any CPU
		{8251CD32-2DFF-4AB7-A5FC-CD603C49A30B}.Release|Any CPU.Build.0 = Release|Any CPU
	EndGlobalSection
	GlobalSection(SolutionProperties) = preSolution
		HideSolutionNode = FALSE
	EndGlobalSection
	GlobalSection(ExtensibilityGlobals) = postSolution
		SolutionGuid = {D3B90D17-5022-4C34-AFE4-8B5B2FF22C90}
	EndGlobalSection
EndGlobal
